
Microsoft Visual Studio Solution File, Format Version 12.00
# Visual Studio Version 16
VisualStudioVersion = 16.0.35731.53
MinimumVisualStudioVersion = 10.0.40219.1
Project("{FAE04EC0-301F-11D3-BF4B-00C04F79EFBC}") = "onlinejobportal", "onlinejobportal\onlinejobportal.csproj", "{BECED81B-0694-481F-AEAE-08A8C7C88C86}"
EndProject
Global
	GlobalSection(SolutionConfigurationPlatforms) = preSolution
		Debug|Any CPU = Debug|Any CPU
		Release|Any CPU = Release|Any CPU
	EndGlobalSection
	GlobalSection(ProjectConfigurationPlatforms) = postSolution
		{BECED81B-0694-481F-AEAE-08A8C7C88C86}.Debug|Any CPU.ActiveCfg = Debug|Any CPU
		{BECED81B-0694-481F-AEAE-08A8C7C88C86}.Debug|Any CPU.Build.0 = Debug|Any CPU
		{BECED81B-0694-481F-AEAE-08A8C7C88C86}.Release|Any CPU.ActiveCfg = Release|Any CPU
		{BECED81B-0694-481F-AEAE-08A8C7C88C86}.Release|Any CPU.Build.0 = Release|Any CPU
	EndGlobalSection
	GlobalSection(SolutionProperties) = preSolution
		HideSolutionNode = FALSE
	EndGlobalSection
	GlobalSection(ExtensibilityGlobals) = postSolution
		SolutionGuid = {3A77C311-3FDA-4429-826A-D34B26F3D7B9}
	EndGlobalSection
EndGlobal
